
Microsoft Visual Studio Solution File, Format Version 12.00
# Visual Studio 2012
Project("{FAE04EC0-301F-11D3-BF4B-00C04F79EFBC}") = "Gas_test2.Entities", "Entities\Gas_test2.Entities.csproj", "{CF45865E-ABE4-449C-ACE2-0BE90DB1851C}"
EndProject
Project("{FAE04EC0-301F-11D3-BF4B-00C04F79EFBC}") = "Gas_test2.AppStart", "Gas_test2.AppStart\Gas_test2.AppStart.csproj", "{283D7D0E-80A6-4B2C-835E-49D2107DD76D}"
EndProject
Project("{FAE04EC0-301F-11D3-BF4B-00C04F79EFBC}") = "Gas_test2.WinUI", "Gas_test2.WinUI\Gas_test2.WinUI.csproj", "{B568E661-E285-4D29-A7FE-2D862CAD01B2}"
EndProject
Project("{FAE04EC0-301F-11D3-BF4B-00C04F79EFBC}") = "Gas_test2.BLL.Contracts", "Gas_test2.BLL.Contracts\Gas_test2.BLL.Contracts.csproj", "{7DE5B3E3-36FD-4A92-B388-698FD7BC0BFF}"
EndProject
Project("{FAE04EC0-301F-11D3-BF4B-00C04F79EFBC}") = "Gas_test2.BLL.Host", "Gas_test2.BLL.Host\Gas_test2.BLL.Host.csproj", "{AB3C0F04-F753-4C42-93B4-D2A11958F30B}"
EndProject
Project("{FAE04EC0-301F-11D3-BF4B-00C04F79EFBC}") = "Gas_test2.DAL", "Gas_test2.DAL\Gas_test2.DAL.csproj", "{54F9A9C1-53D7-4CB2-9784-4B3F4D2D8A9E}"
EndProject
Project("{FAE04EC0-301F-11D3-BF4B-00C04F79EFBC}") = "Gas_test2.Main", "Gas_test2.Main\Gas_test2.Main.csproj", "{58A9C4DB-880C-4820-9ECA-9AFEC8E86FD3}"
EndProject
Project("{FAE04EC0-301F-11D3-BF4B-00C04F79EFBC}") = "Gas_test2.Res", "Gas_test2.Res\Gas_test2.Res.csproj", "{58C2458E-19B8-4149-B4A4-CD954F90D083}"
EndProject
Global
	GlobalSection(SolutionConfigurationPlatforms) = preSolution
		Debug_P|Any CPU = Debug_P|Any CPU
		Debug|Any CPU = Debug|Any CPU
		Release|Any CPU = Release|Any CPU
	EndGlobalSection
	GlobalSection(ProjectConfigurationPlatforms) = postSolution
		{CF45865E-ABE4-449C-ACE2-0BE90DB1851C}.Debug_P|Any CPU.ActiveCfg = Debug|Any CPU
		{CF45865E-ABE4-449C-ACE2-0BE90DB1851C}.Debug_P|Any CPU.Build.0 = Debug|Any CPU
		{CF45865E-ABE4-449C-ACE2-0BE90DB1851C}.Debug|Any CPU.ActiveCfg = Debug|Any CPU
		{CF45865E-ABE4-449C-ACE2-0BE90DB1851C}.Debug|Any CPU.Build.0 = Debug|Any CPU
		{CF45865E-ABE4-449C-ACE2-0BE90DB1851C}.Release|Any CPU.ActiveCfg = Release|Any CPU
		{CF45865E-ABE4-449C-ACE2-0BE90DB1851C}.Release|Any CPU.Build.0 = Release|Any CPU
		{283D7D0E-80A6-4B2C-835E-49D2107DD76D}.Debug_P|Any CPU.ActiveCfg = Debug|Any CPU
		{283D7D0E-80A6-4B2C-835E-49D2107DD76D}.Debug_P|Any CPU.Build.0 = Debug|Any CPU
		{283D7D0E-80A6-4B2C-835E-49D2107DD76D}.Debug|Any CPU.ActiveCfg = Debug|Any CPU
		{283D7D0E-80A6-4B2C-835E-49D2107DD76D}.Debug|Any CPU.Build.0 = Debug|Any CPU
		{283D7D0E-80A6-4B2C-835E-49D2107DD76D}.Release|Any CPU.ActiveCfg = Release|Any CPU
		{283D7D0E-80A6-4B2C-835E-49D2107DD76D}.Release|Any CPU.Build.0 = Release|Any CPU
		{B568E661-E285-4D29-A7FE-2D862CAD01B2}.Debug_P|Any CPU.ActiveCfg = Debug|Any CPU
		{B568E661-E285-4D29-A7FE-2D862CAD01B2}.Debug_P|Any CPU.Build.0 = Debug|Any CPU
		{B568E661-E285-4D29-A7FE-2D862CAD01B2}.Debug|Any CPU.ActiveCfg = Debug|Any CPU
		{B568E661-E285-4D29-A7FE-2D862CAD01B2}.Debug|Any CPU.Build.0 = Debug|Any CPU
		{B568E661-E285-4D29-A7FE-2D862CAD01B2}.Release|Any CPU.ActiveCfg = Release|Any CPU
		{B568E661-E285-4D29-A7FE-2D862CAD01B2}.Release|Any CPU.Build.0 = Release|Any CPU
		{7DE5B3E3-36FD-4A92-B388-698FD7BC0BFF}.Debug_P|Any CPU.ActiveCfg = Debug|Any CPU
		{7DE5B3E3-36FD-4A92-B388-698FD7BC0BFF}.Debug_P|Any CPU.Build.0 = Debug|Any CPU
		{7DE5B3E3-36FD-4A92-B388-698FD7BC0BFF}.Debug|Any CPU.ActiveCfg = Debug|Any CPU
		{7DE5B3E3-36FD-4A92-B388-698FD7BC0BFF}.Debug|Any CPU.Build.0 = Debug|Any CPU
		{7DE5B3E3-36FD-4A92-B388-698FD7BC0BFF}.Release|Any CPU.ActiveCfg = Release|Any CPU
		{7DE5B3E3-36FD-4A92-B388-698FD7BC0BFF}.Release|Any CPU.Build.0 = Release|Any CPU
		{AB3C0F04-F753-4C42-93B4-D2A11958F30B}.Debug_P|Any CPU.ActiveCfg = Debug|Any CPU
		{AB3C0F04-F753-4C42-93B4-D2A11958F30B}.Debug_P|Any CPU.Build.0 = Debug|Any CPU
		{AB3C0F04-F753-4C42-93B4-D2A11958F30B}.Debug|Any CPU.ActiveCfg = Debug|Any CPU
		{AB3C0F04-F753-4C42-93B4-D2A11958F30B}.Debug|Any CPU.Build.0 = Debug|Any CPU
		{AB3C0F04-F753-4C42-93B4-D2A11958F30B}.Release|Any CPU.ActiveCfg = Release|Any CPU
		{AB3C0F04-F753-4C42-93B4-D2A11958F30B}.Release|Any CPU.Build.0 = Release|Any CPU
		{54F9A9C1-53D7-4CB2-9784-4B3F4D2D8A9E}.Debug_P|Any CPU.ActiveCfg = Debug|Any CPU
		{54F9A9C1-53D7-4CB2-9784-4B3F4D2D8A9E}.Debug_P|Any CPU.Build.0 = Debug|Any CPU
		{54F9A9C1-53D7-4CB2-9784-4B3F4D2D8A9E}.Debug|Any CPU.ActiveCfg = Debug|Any CPU
		{54F9A9C1-53D7-4CB2-9784-4B3F4D2D8A9E}.Debug|Any CPU.Build.0 = Debug|Any CPU
		{54F9A9C1-53D7-4CB2-9784-4B3F4D2D8A9E}.Release|Any CPU.ActiveCfg = Release|Any CPU
		{54F9A9C1-53D7-4CB2-9784-4B3F4D2D8A9E}.Release|Any CPU.Build.0 = Release|Any CPU
		{58A9C4DB-880C-4820-9ECA-9AFEC8E86FD3}.Debug_P|Any CPU.ActiveCfg = Debug|Any CPU
		{58A9C4DB-880C-4820-9ECA-9AFEC8E86FD3}.Debug_P|Any CPU.Build.0 = Debug|Any CPU
		{58A9C4DB-880C-4820-9ECA-9AFEC8E86FD3}.Debug|Any CPU.ActiveCfg = Debug|Any CPU
		{58A9C4DB-880C-4820-9ECA-9AFEC8E86FD3}.Debug|Any CPU.Build.0 = Debug|Any CPU
		{58A9C4DB-880C-4820-9ECA-9AFEC8E86FD3}.Release|Any CPU.ActiveCfg = Release|Any CPU
		{58A9C4DB-880C-4820-9ECA-9AFEC8E86FD3}.Release|Any CPU.Build.0 = Release|Any CPU
		{58C2458E-19B8-4149-B4A4-CD954F90D083}.Debug_P|Any CPU.ActiveCfg = Debug_P|Any CPU
		{58C2458E-19B8-4149-B4A4-CD954F90D083}.Debug_P|Any CPU.Build.0 = Debug_P|Any CPU
		{58C2458E-19B8-4149-B4A4-CD954F90D083}.Debug|Any CPU.ActiveCfg = Debug|Any CPU
		{58C2458E-19B8-4149-B4A4-CD954F90D083}.Debug|Any CPU.Build.0 = Debug|Any CPU
		{58C2458E-19B8-4149-B4A4-CD954F90D083}.Release|Any CPU.ActiveCfg = Release|Any CPU
		{58C2458E-19B8-4149-B4A4-CD954F90D083}.Release|Any CPU.Build.0 = Release|Any CPU
	EndGlobalSection
	GlobalSection(SolutionProperties) = preSolution
		HideSolutionNode = FALSE
	EndGlobalSection
EndGlobal
